
Microsoft Visual Studio Solution File, Format Version 12.00
# Visual Studio 15
VisualStudioVersion = 15.0.28307.757
MinimumVisualStudioVersion = 10.0.40219.1
Project("{FAE04EC0-301F-11D3-BF4B-00C04F79EFBC}") = "CreateTOCinExisitngPDF", "CreateTOCinExisitngPDF\CreateTOCinExisitngPDF.csproj", "{35F4FAB8-56C5-466B-A2A2-012252716102}"
EndProject
Global
	GlobalSection(SolutionConfigurationPlatforms) = preSolution
		Debug|Any CPU = Debug|Any CPU
		Release|Any CPU = Release|Any CPU
	EndGlobalSection
	GlobalSection(ProjectConfigurationPlatforms) = postSolution
		{35F4FAB8-56C5-466B-A2A2-012252716102}.Debug|Any CPU.ActiveCfg = Debug|Any CPU
		{35F4FAB8-56C5-466B-A2A2-012252716102}.Debug|Any CPU.Build.0 = Debug|Any CPU
		{35F4FAB8-56C5-466B-A2A2-012252716102}.Release|Any CPU.ActiveCfg = Release|Any CPU
		{35F4FAB8-56C5-466B-A2A2-012252716102}.Release|Any CPU.Build.0 = Release|Any CPU
	EndGlobalSection
	GlobalSection(SolutionProperties) = preSolution
		HideSolutionNode = FALSE
	EndGlobalSection
	GlobalSection(ExtensibilityGlobals) = postSolution
		SolutionGuid = {5713011E-1CE7-4DEF-8AB3-896DE0C8C989}
	EndGlobalSection
EndGlobal
